// !$*UTF8*$!
{
	archiveVersion = 1;
	classes = {
	};
	objectVersion = 46;
	objects = {

/* Begin PBXBuildFile section */
		2466D85396CA6A7CB0B2396E /* Pods_Glowb.framework in Frameworks */ = {isa = PBXBuildFile; fileRef = 28EB6C2F626DEB611EBB91E0 /* Pods_Glowb.framework */; };
		8D03A4271DFD04A500B73BD9 /* NotificationName+Custom.swift in Sources */ = {isa = PBXBuildFile; fileRef = 8D03A4261DFD04A500B73BD9 /* NotificationName+Custom.swift */; };
		8D1537D41DFA58A0008E199F /* BaseNavigationController.swift in Sources */ = {isa = PBXBuildFile; fileRef = 8D1537D11DFA58A0008E199F /* BaseNavigationController.swift */; };
		8D1537D51DFA58A0008E199F /* BaseTableViewController.swift in Sources */ = {isa = PBXBuildFile; fileRef = 8D1537D21DFA58A0008E199F /* BaseTableViewController.swift */; };
		8D1537D61DFA58A0008E199F /* BaseViewController.swift in Sources */ = {isa = PBXBuildFile; fileRef = 8D1537D31DFA58A0008E199F /* BaseViewController.swift */; };
		8D1537D81DFA59D0008E199F /* InteractionsViewController.swift in Sources */ = {isa = PBXBuildFile; fileRef = 8D1537D71DFA59D0008E199F /* InteractionsViewController.swift */; };
		8D1537F71DFA6479008E199F /* AddInteractionCollectionViewCell.swift in Sources */ = {isa = PBXBuildFile; fileRef = 8D1537E21DFA6479008E199F /* AddInteractionCollectionViewCell.swift */; };
		8D1537F81DFA6479008E199F /* AddInteractionCollectionViewCell.xib in Resources */ = {isa = PBXBuildFile; fileRef = 8D1537E31DFA6479008E199F /* AddInteractionCollectionViewCell.xib */; };
		8D1537F91DFA6479008E199F /* BaseCollectionViewCell.swift in Sources */ = {isa = PBXBuildFile; fileRef = 8D1537E51DFA6479008E199F /* BaseCollectionViewCell.swift */; };
		8D1537FA1DFA6479008E199F /* CollectionViewCell.swift in Sources */ = {isa = PBXBuildFile; fileRef = 8D1537E61DFA6479008E199F /* CollectionViewCell.swift */; };
		8D1537FB1DFA6479008E199F /* BaseTableViewCell.swift in Sources */ = {isa = PBXBuildFile; fileRef = 8D1537E91DFA6479008E199F /* BaseTableViewCell.swift */; };
		8D1537FC1DFA6479008E199F /* TableViewCell.swift in Sources */ = {isa = PBXBuildFile; fileRef = 8D1537EA1DFA6479008E199F /* TableViewCell.swift */; };
		8D1537FD1DFA6479008E199F /* ColorSelectionRepresentableTableViewCell.swift in Sources */ = {isa = PBXBuildFile; fileRef = 8D1537EB1DFA6479008E199F /* ColorSelectionRepresentableTableViewCell.swift */; };
		8D1537FE1DFA6479008E199F /* ColorSelectionRepresentableTableViewCell.xib in Resources */ = {isa = PBXBuildFile; fileRef = 8D1537EC1DFA6479008E199F /* ColorSelectionRepresentableTableViewCell.xib */; };
		8D1537FF1DFA6479008E199F /* ColorSelectionTableViewCell.swift in Sources */ = {isa = PBXBuildFile; fileRef = 8D1537ED1DFA6479008E199F /* ColorSelectionTableViewCell.swift */; };
		8D1538001DFA6479008E199F /* ColorSelectionTableViewCell.xib in Resources */ = {isa = PBXBuildFile; fileRef = 8D1537EE1DFA6479008E199F /* ColorSelectionTableViewCell.xib */; };
		8D1538011DFA6479008E199F /* DeviceSelectionTableViewCell.swift in Sources */ = {isa = PBXBuildFile; fileRef = 8D1537EF1DFA6479008E199F /* DeviceSelectionTableViewCell.swift */; };
		8D1538021DFA6479008E199F /* DeviceSelectionTableViewCell.xib in Resources */ = {isa = PBXBuildFile; fileRef = 8D1537F01DFA6479008E199F /* DeviceSelectionTableViewCell.xib */; };
		8D1538031DFA6479008E199F /* TextFieldTableViewCell.swift in Sources */ = {isa = PBXBuildFile; fileRef = 8D1537F11DFA6479008E199F /* TextFieldTableViewCell.swift */; };
		8D1538041DFA6479008E199F /* TextFieldTableViewCell.xib in Resources */ = {isa = PBXBuildFile; fileRef = 8D1537F21DFA6479008E199F /* TextFieldTableViewCell.xib */; };
		8D1538051DFA6479008E199F /* TextSelectionRepresentableTableViewCell.swift in Sources */ = {isa = PBXBuildFile; fileRef = 8D1537F31DFA6479008E199F /* TextSelectionRepresentableTableViewCell.swift */; };
		8D1538061DFA6479008E199F /* TextSelectionRepresentableTableViewCell.xib in Resources */ = {isa = PBXBuildFile; fileRef = 8D1537F41DFA6479008E199F /* TextSelectionRepresentableTableViewCell.xib */; };
		8D1538071DFA6479008E199F /* WiFiTableViewCell.swift in Sources */ = {isa = PBXBuildFile; fileRef = 8D1537F51DFA6479008E199F /* WiFiTableViewCell.swift */; };
		8D1538081DFA6479008E199F /* WiFiTableViewCell.xib in Resources */ = {isa = PBXBuildFile; fileRef = 8D1537F61DFA6479008E199F /* WiFiTableViewCell.xib */; };
		8D15380A1DFA6781008E199F /* UICollectionView+ReusableView.swift in Sources */ = {isa = PBXBuildFile; fileRef = 8D1538091DFA6781008E199F /* UICollectionView+ReusableView.swift */; };
		8D15380C1DFA6994008E199F /* Interactions.storyboard in Resources */ = {isa = PBXBuildFile; fileRef = 8D15380B1DFA6994008E199F /* Interactions.storyboard */; };
		8D208B691DF3D6BE003209A5 /* UITableView+ReusableView.swift in Sources */ = {isa = PBXBuildFile; fileRef = 8D208B681DF3D6BE003209A5 /* UITableView+ReusableView.swift */; };
		8D208B6B1DF3D707003209A5 /* ReusableView.swift in Sources */ = {isa = PBXBuildFile; fileRef = 8D208B6A1DF3D707003209A5 /* ReusableView.swift */; };
		8D2220A41DEF3BB80082E315 /* AppDelegate.swift in Sources */ = {isa = PBXBuildFile; fileRef = 8D2220A31DEF3BB80082E315 /* AppDelegate.swift */; };
		8D2781E91DF491380050E4E8 /* Themeable.swift in Sources */ = {isa = PBXBuildFile; fileRef = 8D2781E81DF491380050E4E8 /* Themeable.swift */; };
		8D2DC9891DF71AF10074F194 /* Interaction.swift in Sources */ = {isa = PBXBuildFile; fileRef = 8D2DC9881DF71AF10074F194 /* Interaction.swift */; };
		8D369A871DF78717002C8D72 /* Router.swift in Sources */ = {isa = PBXBuildFile; fileRef = 8D369A861DF78717002C8D72 /* Router.swift */; };
		8D37CE4B1DF91B370068B09E /* CardAnimationController.swift in Sources */ = {isa = PBXBuildFile; fileRef = 8D37CE4A1DF91B370068B09E /* CardAnimationController.swift */; };
		8D37CE4D1DF91B510068B09E /* CardPresentationController.swift in Sources */ = {isa = PBXBuildFile; fileRef = 8D37CE4C1DF91B510068B09E /* CardPresentationController.swift */; };
		8D37CE4F1DF91B6C0068B09E /* CardTransitioningDelegate.swift in Sources */ = {isa = PBXBuildFile; fileRef = 8D37CE4E1DF91B6C0068B09E /* CardTransitioningDelegate.swift */; };
		8D38C6D01DF6228F0011AF52 /* SelectableTableViewController.swift in Sources */ = {isa = PBXBuildFile; fileRef = 8D38C6CF1DF6228F0011AF52 /* SelectableTableViewController.swift */; };
		8D38C6D21DF6232E0011AF52 /* Selectable.swift in Sources */ = {isa = PBXBuildFile; fileRef = 8D38C6D11DF6232E0011AF52 /* Selectable.swift */; };
		8D38C6D81DF6247F0011AF52 /* SelectableViewModel.swift in Sources */ = {isa = PBXBuildFile; fileRef = 8D38C6D71DF6247F0011AF52 /* SelectableViewModel.swift */; };
		8D38C6DA1DF625310011AF52 /* Device.swift in Sources */ = {isa = PBXBuildFile; fileRef = 8D38C6D91DF625310011AF52 /* Device.swift */; };
		8D38C6DC1DF6253A0011AF52 /* Color.swift in Sources */ = {isa = PBXBuildFile; fileRef = 8D38C6DB1DF6253A0011AF52 /* Color.swift */; };
		8D38C6E41DF6480C0011AF52 /* DeviceSelectionTableViewController.swift in Sources */ = {isa = PBXBuildFile; fileRef = 8D38C6E31DF6480C0011AF52 /* DeviceSelectionTableViewController.swift */; };
		8D38C6FF1DF64C840011AF52 /* Command+ConfigureAP.swift in Sources */ = {isa = PBXBuildFile; fileRef = 8D38C6E71DF64C840011AF52 /* Command+ConfigureAP.swift */; };
		8D38C7001DF64C840011AF52 /* Command+Device.swift in Sources */ = {isa = PBXBuildFile; fileRef = 8D38C6E81DF64C840011AF52 /* Command+Device.swift */; };
		8D38C7011DF64C840011AF52 /* Command+PublicKey.swift in Sources */ = {isa = PBXBuildFile; fileRef = 8D38C6E91DF64C840011AF52 /* Command+PublicKey.swift */; };
		8D38C7021DF64C840011AF52 /* Command+ScanAP.swift in Sources */ = {isa = PBXBuildFile; fileRef = 8D38C6EA1DF64C840011AF52 /* Command+ScanAP.swift */; };
		8D38C7031DF64C840011AF52 /* Command.swift in Sources */ = {isa = PBXBuildFile; fileRef = 8D38C6EB1DF64C840011AF52 /* Command.swift */; };
		8D38C7041DF64C840011AF52 /* ConnectAP.swift in Sources */ = {isa = PBXBuildFile; fileRef = 8D38C6EC1DF64C840011AF52 /* ConnectAP.swift */; };
		8D38C7051DF64C840011AF52 /* ParticleCommunicable.swift in Sources */ = {isa = PBXBuildFile; fileRef = 8D38C6ED1DF64C840011AF52 /* ParticleCommunicable.swift */; };
		8D38C7061DF64C840011AF52 /* DeviceCommunicationManager.swift in Sources */ = {isa = PBXBuildFile; fileRef = 8D38C6EF1DF64C840011AF52 /* DeviceCommunicationManager.swift */; };
		8D38C7071DF64C840011AF52 /* DeviceConnection.swift in Sources */ = {isa = PBXBuildFile; fileRef = 8D38C6F01DF64C840011AF52 /* DeviceConnection.swift */; };
		8D38C7081DF64C840011AF52 /* Network.swift in Sources */ = {isa = PBXBuildFile; fileRef = 8D38C6F11DF64C840011AF52 /* Network.swift */; };
		8D38C7091DF64C840011AF52 /* Security.swift in Sources */ = {isa = PBXBuildFile; fileRef = 8D38C6F21DF64C840011AF52 /* Security.swift */; };
		8D38C70A1DF64C840011AF52 /* Wifi.swift in Sources */ = {isa = PBXBuildFile; fileRef = 8D38C6F31DF64C840011AF52 /* Wifi.swift */; };
		8D38C70B1DF64C840011AF52 /* Reachability.m in Sources */ = {isa = PBXBuildFile; fileRef = 8D38C6F71DF64C840011AF52 /* Reachability.m */; };
		8D38C70C1DF64C840011AF52 /* SwiftyRSA.swift in Sources */ = {isa = PBXBuildFile; fileRef = 8D38C6F81DF64C840011AF52 /* SwiftyRSA.swift */; };
		8D38C70D1DF64C840011AF52 /* ConnectingProgressViewController.swift in Sources */ = {isa = PBXBuildFile; fileRef = 8D38C6FA1DF64C840011AF52 /* ConnectingProgressViewController.swift */; };
		8D38C70E1DF64C840011AF52 /* ConnectViewController.swift in Sources */ = {isa = PBXBuildFile; fileRef = 8D38C6FB1DF64C840011AF52 /* ConnectViewController.swift */; };
		8D38C70F1DF64C840011AF52 /* NetworkCredentialsViewController.swift in Sources */ = {isa = PBXBuildFile; fileRef = 8D38C6FC1DF64C840011AF52 /* NetworkCredentialsViewController.swift */; };
		8D38C7101DF64C840011AF52 /* SelectNetworkViewController.swift in Sources */ = {isa = PBXBuildFile; fileRef = 8D38C6FD1DF64C840011AF52 /* SelectNetworkViewController.swift */; };
		8D38C7141DF64E660011AF52 /* WizardIntroViewController.swift in Sources */ = {isa = PBXBuildFile; fileRef = 8D38C7131DF64E660011AF52 /* WizardIntroViewController.swift */; };
		8D38C7171DF64F3E0011AF52 /* WizardIntro.storyboard in Resources */ = {isa = PBXBuildFile; fileRef = 8D38C7161DF64F3E0011AF52 /* WizardIntro.storyboard */; };
		8D38C71D1DF652470011AF52 /* Button.swift in Sources */ = {isa = PBXBuildFile; fileRef = 8D38C71C1DF652470011AF52 /* Button.swift */; };
		8D38C71F1DF652600011AF52 /* PrimaryButton.swift in Sources */ = {isa = PBXBuildFile; fileRef = 8D38C71E1DF652600011AF52 /* PrimaryButton.swift */; };
		8D4D79F61DF9E809002C09D2 /* Assets.xcassets in Resources */ = {isa = PBXBuildFile; fileRef = 8D4D79F41DF9E809002C09D2 /* Assets.xcassets */; };
		8D4D79F71DF9E809002C09D2 /* Glow.sks in Resources */ = {isa = PBXBuildFile; fileRef = 8D4D79F51DF9E809002C09D2 /* Glow.sks */; };
		8D4D79FA1DF9E820002C09D2 /* GlowScene.swift in Sources */ = {isa = PBXBuildFile; fileRef = 8D4D79F91DF9E820002C09D2 /* GlowScene.swift */; };
		8D5AD44D1DF49352001082B0 /* Target.swift in Sources */ = {isa = PBXBuildFile; fileRef = 8D5AD44C1DF49352001082B0 /* Target.swift */; };
		8D5AE8261DF499B100A520D4 /* BaseView.swift in Sources */ = {isa = PBXBuildFile; fileRef = 8D5AE8241DF499B100A520D4 /* BaseView.swift */; };
		8D5AE8271DF499B100A520D4 /* View.swift in Sources */ = {isa = PBXBuildFile; fileRef = 8D5AE8251DF499B100A520D4 /* View.swift */; };
		8D5AE8361DF499E600A520D4 /* BaseTextField.swift in Sources */ = {isa = PBXBuildFile; fileRef = 8D5AE8341DF499E600A520D4 /* BaseTextField.swift */; };
		8D5AE8371DF499E600A520D4 /* TextField.swift in Sources */ = {isa = PBXBuildFile; fileRef = 8D5AE8351DF499E600A520D4 /* TextField.swift */; };
		8D669EF11DF358000029FDB0 /* LaunchScreen.storyboard in Resources */ = {isa = PBXBuildFile; fileRef = 8D669EEF1DF358000029FDB0 /* LaunchScreen.storyboard */; };
		8D669EF41DF358370029FDB0 /* Interaction.storyboard in Resources */ = {isa = PBXBuildFile; fileRef = 8D669EF31DF358370029FDB0 /* Interaction.storyboard */; };
		8D669EFB1DF358B60029FDB0 /* UIColor+Glowb.swift in Sources */ = {isa = PBXBuildFile; fileRef = 8D669EFA1DF358B60029FDB0 /* UIColor+Glowb.swift */; };
		8D7291E91DF4B04A003F165F /* Label.swift in Sources */ = {isa = PBXBuildFile; fileRef = 8D7291E81DF4B04A003F165F /* Label.swift */; };
		8D7291EB1DF4B07E003F165F /* PrimaryTextLabel.swift in Sources */ = {isa = PBXBuildFile; fileRef = 8D7291EA1DF4B07E003F165F /* PrimaryTextLabel.swift */; };
		8D7291ED1DF4B086003F165F /* SecondaryTextLabel.swift in Sources */ = {isa = PBXBuildFile; fileRef = 8D7291EC1DF4B086003F165F /* SecondaryTextLabel.swift */; };
		8D7291F31DF4B383003F165F /* ColorPreviewView.swift in Sources */ = {isa = PBXBuildFile; fileRef = 8D7291F21DF4B383003F165F /* ColorPreviewView.swift */; };
		8D81296F1DF881FE00C50DEB /* Invite.swift in Sources */ = {isa = PBXBuildFile; fileRef = 8D81296E1DF881FE00C50DEB /* Invite.swift */; };
		8D915BB01DFF79CB0080D7BB /* Photo.swift in Sources */ = {isa = PBXBuildFile; fileRef = 8D915BAF1DFF79CB0080D7BB /* Photo.swift */; };
		8D915BB21DFF7C550080D7BB /* S3ImageUploader.swift in Sources */ = {isa = PBXBuildFile; fileRef = 8D915BB11DFF7C550080D7BB /* S3ImageUploader.swift */; };
		8D921DEB1DF48B600056FAAC /* Styleable.swift in Sources */ = {isa = PBXBuildFile; fileRef = 8D921DEA1DF48B600056FAAC /* Styleable.swift */; };
		8DA2DFA21DF79EB800B85B05 /* User.swift in Sources */ = {isa = PBXBuildFile; fileRef = 8DA2DFA11DF79EB800B85B05 /* User.swift */; };
		8DA75EE41DF355EB00A35737 /* InteractionViewController.swift in Sources */ = {isa = PBXBuildFile; fileRef = 8DA75EE31DF355EB00A35737 /* InteractionViewController.swift */; };
		8DB1E08A1DF366AE000648C3 /* Assets.xcassets in Resources */ = {isa = PBXBuildFile; fileRef = 8DB1E0891DF366AE000648C3 /* Assets.xcassets */; };
		8DB1E08F1DF36E60000648C3 /* NibInitializable.swift in Sources */ = {isa = PBXBuildFile; fileRef = 8DB1E08E1DF36E60000648C3 /* NibInitializable.swift */; };
		8DB1E0911DF36E6F000648C3 /* StoryboardInitializable.swift in Sources */ = {isa = PBXBuildFile; fileRef = 8DB1E0901DF36E6F000648C3 /* StoryboardInitializable.swift */; };
		8DB1E0931DF3CB3D000648C3 /* DashedView.swift in Sources */ = {isa = PBXBuildFile; fileRef = 8DB1E0921DF3CB3D000648C3 /* DashedView.swift */; };
		8DC057491DFB328800B26BB4 /* Configuration.plist in Resources */ = {isa = PBXBuildFile; fileRef = 8DC057481DFB328800B26BB4 /* Configuration.plist */; };
		8DC174BB1DF66D8100FB7A13 /* Connect.storyboard in Resources */ = {isa = PBXBuildFile; fileRef = 8DC174BA1DF66D8100FB7A13 /* Connect.storyboard */; };
		8DC174C11DF68A4400FB7A13 /* NetworkCredentials.storyboard in Resources */ = {isa = PBXBuildFile; fileRef = 8DC174C01DF68A4400FB7A13 /* NetworkCredentials.storyboard */; };
		8DD0DA4B1DFB3B25000CB745 /* PlistReadable.swift in Sources */ = {isa = PBXBuildFile; fileRef = 8DD0DA4A1DFB3B25000CB745 /* PlistReadable.swift */; };
		8DD0DA4D1DFB3C6B000CB745 /* DescriptiveForceUnwrap.swift in Sources */ = {isa = PBXBuildFile; fileRef = 8DD0DA4C1DFB3C6B000CB745 /* DescriptiveForceUnwrap.swift */; };
		8DD0DA4F1DFB3D6D000CB745 /* Plist.swift in Sources */ = {isa = PBXBuildFile; fileRef = 8DD0DA4E1DFB3D6D000CB745 /* Plist.swift */; };
		8DD0DA511DFB44D6000CB745 /* ServerResponseParser.swift in Sources */ = {isa = PBXBuildFile; fileRef = 8DD0DA501DFB44D6000CB745 /* ServerResponseParser.swift */; };
		8DD0DA571DFB5C72000CB745 /* AccessToken.swift in Sources */ = {isa = PBXBuildFile; fileRef = 8DD0DA561DFB5C72000CB745 /* AccessToken.swift */; };
/* End PBXBuildFile section */

/* Begin PBXFileReference section */
		28EB6C2F626DEB611EBB91E0 /* Pods_Glowb.framework */ = {isa = PBXFileReference; explicitFileType = wrapper.framework; includeInIndex = 0; path = Pods_Glowb.framework; sourceTree = BUILT_PRODUCTS_DIR; };
		35C3DF68DDB96707364A4512 /* Pods-Glowb.distribution.xcconfig */ = {isa = PBXFileReference; includeInIndex = 1; lastKnownFileType = text.xcconfig; name = "Pods-Glowb.distribution.xcconfig"; path = "Pods/Target Support Files/Pods-Glowb/Pods-Glowb.distribution.xcconfig"; sourceTree = "<group>"; };
		54E12DCAF388AD1CFD8675D0 /* Pods-Glowb.release.xcconfig */ = {isa = PBXFileReference; includeInIndex = 1; lastKnownFileType = text.xcconfig; name = "Pods-Glowb.release.xcconfig"; path = "Pods/Target Support Files/Pods-Glowb/Pods-Glowb.release.xcconfig"; sourceTree = "<group>"; };
		81B97BEB0DC2885E869503AF /* Pods-Glowb.debug.xcconfig */ = {isa = PBXFileReference; includeInIndex = 1; lastKnownFileType = text.xcconfig; name = "Pods-Glowb.debug.xcconfig"; path = "Pods/Target Support Files/Pods-Glowb/Pods-Glowb.debug.xcconfig"; sourceTree = "<group>"; };
		8D03A4261DFD04A500B73BD9 /* NotificationName+Custom.swift */ = {isa = PBXFileReference; fileEncoding = 4; lastKnownFileType = sourcecode.swift; path = "NotificationName+Custom.swift"; sourceTree = "<group>"; };
		8D1537D11DFA58A0008E199F /* BaseNavigationController.swift */ = {isa = PBXFileReference; fileEncoding = 4; lastKnownFileType = sourcecode.swift; path = BaseNavigationController.swift; sourceTree = "<group>"; };
		8D1537D21DFA58A0008E199F /* BaseTableViewController.swift */ = {isa = PBXFileReference; fileEncoding = 4; lastKnownFileType = sourcecode.swift; path = BaseTableViewController.swift; sourceTree = "<group>"; };
		8D1537D31DFA58A0008E199F /* BaseViewController.swift */ = {isa = PBXFileReference; fileEncoding = 4; lastKnownFileType = sourcecode.swift; path = BaseViewController.swift; sourceTree = "<group>"; };
		8D1537D71DFA59D0008E199F /* InteractionsViewController.swift */ = {isa = PBXFileReference; fileEncoding = 4; lastKnownFileType = sourcecode.swift; path = InteractionsViewController.swift; sourceTree = "<group>"; };
		8D1537E21DFA6479008E199F /* AddInteractionCollectionViewCell.swift */ = {isa = PBXFileReference; fileEncoding = 4; lastKnownFileType = sourcecode.swift; path = AddInteractionCollectionViewCell.swift; sourceTree = "<group>"; };
		8D1537E31DFA6479008E199F /* AddInteractionCollectionViewCell.xib */ = {isa = PBXFileReference; fileEncoding = 4; lastKnownFileType = file.xib; path = AddInteractionCollectionViewCell.xib; sourceTree = "<group>"; };
		8D1537E51DFA6479008E199F /* BaseCollectionViewCell.swift */ = {isa = PBXFileReference; fileEncoding = 4; lastKnownFileType = sourcecode.swift; path = BaseCollectionViewCell.swift; sourceTree = "<group>"; };
		8D1537E61DFA6479008E199F /* CollectionViewCell.swift */ = {isa = PBXFileReference; fileEncoding = 4; lastKnownFileType = sourcecode.swift; path = CollectionViewCell.swift; sourceTree = "<group>"; };
		8D1537E91DFA6479008E199F /* BaseTableViewCell.swift */ = {isa = PBXFileReference; fileEncoding = 4; lastKnownFileType = sourcecode.swift; path = BaseTableViewCell.swift; sourceTree = "<group>"; };
		8D1537EA1DFA6479008E199F /* TableViewCell.swift */ = {isa = PBXFileReference; fileEncoding = 4; lastKnownFileType = sourcecode.swift; path = TableViewCell.swift; sourceTree = "<group>"; };
		8D1537EB1DFA6479008E199F /* ColorSelectionRepresentableTableViewCell.swift */ = {isa = PBXFileReference; fileEncoding = 4; lastKnownFileType = sourcecode.swift; path = ColorSelectionRepresentableTableViewCell.swift; sourceTree = "<group>"; };
		8D1537EC1DFA6479008E199F /* ColorSelectionRepresentableTableViewCell.xib */ = {isa = PBXFileReference; fileEncoding = 4; lastKnownFileType = file.xib; path = ColorSelectionRepresentableTableViewCell.xib; sourceTree = "<group>"; };
		8D1537ED1DFA6479008E199F /* ColorSelectionTableViewCell.swift */ = {isa = PBXFileReference; fileEncoding = 4; lastKnownFileType = sourcecode.swift; path = ColorSelectionTableViewCell.swift; sourceTree = "<group>"; };
		8D1537EE1DFA6479008E199F /* ColorSelectionTableViewCell.xib */ = {isa = PBXFileReference; fileEncoding = 4; lastKnownFileType = file.xib; path = ColorSelectionTableViewCell.xib; sourceTree = "<group>"; };
		8D1537EF1DFA6479008E199F /* DeviceSelectionTableViewCell.swift */ = {isa = PBXFileReference; fileEncoding = 4; lastKnownFileType = sourcecode.swift; path = DeviceSelectionTableViewCell.swift; sourceTree = "<group>"; };
		8D1537F01DFA6479008E199F /* DeviceSelectionTableViewCell.xib */ = {isa = PBXFileReference; fileEncoding = 4; lastKnownFileType = file.xib; path = DeviceSelectionTableViewCell.xib; sourceTree = "<group>"; };
		8D1537F11DFA6479008E199F /* TextFieldTableViewCell.swift */ = {isa = PBXFileReference; fileEncoding = 4; lastKnownFileType = sourcecode.swift; path = TextFieldTableViewCell.swift; sourceTree = "<group>"; };
		8D1537F21DFA6479008E199F /* TextFieldTableViewCell.xib */ = {isa = PBXFileReference; fileEncoding = 4; lastKnownFileType = file.xib; path = TextFieldTableViewCell.xib; sourceTree = "<group>"; };
		8D1537F31DFA6479008E199F /* TextSelectionRepresentableTableViewCell.swift */ = {isa = PBXFileReference; fileEncoding = 4; lastKnownFileType = sourcecode.swift; path = TextSelectionRepresentableTableViewCell.swift; sourceTree = "<group>"; };
		8D1537F41DFA6479008E199F /* TextSelectionRepresentableTableViewCell.xib */ = {isa = PBXFileReference; fileEncoding = 4; lastKnownFileType = file.xib; path = TextSelectionRepresentableTableViewCell.xib; sourceTree = "<group>"; };
		8D1537F51DFA6479008E199F /* WiFiTableViewCell.swift */ = {isa = PBXFileReference; fileEncoding = 4; lastKnownFileType = sourcecode.swift; path = WiFiTableViewCell.swift; sourceTree = "<group>"; };
		8D1537F61DFA6479008E199F /* WiFiTableViewCell.xib */ = {isa = PBXFileReference; fileEncoding = 4; lastKnownFileType = file.xib; path = WiFiTableViewCell.xib; sourceTree = "<group>"; };
		8D1538091DFA6781008E199F /* UICollectionView+ReusableView.swift */ = {isa = PBXFileReference; fileEncoding = 4; lastKnownFileType = sourcecode.swift; path = "UICollectionView+ReusableView.swift"; sourceTree = "<group>"; };
		8D15380B1DFA6994008E199F /* Interactions.storyboard */ = {isa = PBXFileReference; fileEncoding = 4; lastKnownFileType = file.storyboard; path = Interactions.storyboard; sourceTree = "<group>"; };
		8D208B681DF3D6BE003209A5 /* UITableView+ReusableView.swift */ = {isa = PBXFileReference; fileEncoding = 4; lastKnownFileType = sourcecode.swift; path = "UITableView+ReusableView.swift"; sourceTree = "<group>"; };
		8D208B6A1DF3D707003209A5 /* ReusableView.swift */ = {isa = PBXFileReference; fileEncoding = 4; lastKnownFileType = sourcecode.swift; path = ReusableView.swift; sourceTree = "<group>"; };
		8D2220A01DEF3BB80082E315 /* Glowb.app */ = {isa = PBXFileReference; explicitFileType = wrapper.application; includeInIndex = 0; path = Glowb.app; sourceTree = BUILT_PRODUCTS_DIR; };
		8D2220A31DEF3BB80082E315 /* AppDelegate.swift */ = {isa = PBXFileReference; lastKnownFileType = sourcecode.swift; path = AppDelegate.swift; sourceTree = "<group>"; };
		8D2781E81DF491380050E4E8 /* Themeable.swift */ = {isa = PBXFileReference; fileEncoding = 4; lastKnownFileType = sourcecode.swift; path = Themeable.swift; sourceTree = "<group>"; };
		8D2DC9881DF71AF10074F194 /* Interaction.swift */ = {isa = PBXFileReference; fileEncoding = 4; lastKnownFileType = sourcecode.swift; path = Interaction.swift; sourceTree = "<group>"; };
		8D369A861DF78717002C8D72 /* Router.swift */ = {isa = PBXFileReference; fileEncoding = 4; lastKnownFileType = sourcecode.swift; path = Router.swift; sourceTree = "<group>"; };
		8D37CE4A1DF91B370068B09E /* CardAnimationController.swift */ = {isa = PBXFileReference; fileEncoding = 4; lastKnownFileType = sourcecode.swift; path = CardAnimationController.swift; sourceTree = "<group>"; };
		8D37CE4C1DF91B510068B09E /* CardPresentationController.swift */ = {isa = PBXFileReference; fileEncoding = 4; lastKnownFileType = sourcecode.swift; path = CardPresentationController.swift; sourceTree = "<group>"; };
		8D37CE4E1DF91B6C0068B09E /* CardTransitioningDelegate.swift */ = {isa = PBXFileReference; fileEncoding = 4; lastKnownFileType = sourcecode.swift; path = CardTransitioningDelegate.swift; sourceTree = "<group>"; };
		8D38C6CF1DF6228F0011AF52 /* SelectableTableViewController.swift */ = {isa = PBXFileReference; fileEncoding = 4; lastKnownFileType = sourcecode.swift; path = SelectableTableViewController.swift; sourceTree = "<group>"; };
		8D38C6D11DF6232E0011AF52 /* Selectable.swift */ = {isa = PBXFileReference; fileEncoding = 4; lastKnownFileType = sourcecode.swift; path = Selectable.swift; sourceTree = "<group>"; };
		8D38C6D71DF6247F0011AF52 /* SelectableViewModel.swift */ = {isa = PBXFileReference; fileEncoding = 4; lastKnownFileType = sourcecode.swift; path = SelectableViewModel.swift; sourceTree = "<group>"; };
		8D38C6D91DF625310011AF52 /* Device.swift */ = {isa = PBXFileReference; fileEncoding = 4; lastKnownFileType = sourcecode.swift; path = Device.swift; sourceTree = "<group>"; };
		8D38C6DB1DF6253A0011AF52 /* Color.swift */ = {isa = PBXFileReference; fileEncoding = 4; lastKnownFileType = sourcecode.swift; path = Color.swift; sourceTree = "<group>"; };
		8D38C6E31DF6480C0011AF52 /* DeviceSelectionTableViewController.swift */ = {isa = PBXFileReference; fileEncoding = 4; lastKnownFileType = sourcecode.swift; path = DeviceSelectionTableViewController.swift; sourceTree = "<group>"; };
		8D38C6E71DF64C840011AF52 /* Command+ConfigureAP.swift */ = {isa = PBXFileReference; fileEncoding = 4; lastKnownFileType = sourcecode.swift; path = "Command+ConfigureAP.swift"; sourceTree = "<group>"; };
		8D38C6E81DF64C840011AF52 /* Command+Device.swift */ = {isa = PBXFileReference; fileEncoding = 4; lastKnownFileType = sourcecode.swift; path = "Command+Device.swift"; sourceTree = "<group>"; };
		8D38C6E91DF64C840011AF52 /* Command+PublicKey.swift */ = {isa = PBXFileReference; fileEncoding = 4; lastKnownFileType = sourcecode.swift; path = "Command+PublicKey.swift"; sourceTree = "<group>"; };
		8D38C6EA1DF64C840011AF52 /* Command+ScanAP.swift */ = {isa = PBXFileReference; fileEncoding = 4; lastKnownFileType = sourcecode.swift; path = "Command+ScanAP.swift"; sourceTree = "<group>"; };
		8D38C6EB1DF64C840011AF52 /* Command.swift */ = {isa = PBXFileReference; fileEncoding = 4; lastKnownFileType = sourcecode.swift; path = Command.swift; sourceTree = "<group>"; };
		8D38C6EC1DF64C840011AF52 /* ConnectAP.swift */ = {isa = PBXFileReference; fileEncoding = 4; lastKnownFileType = sourcecode.swift; path = ConnectAP.swift; sourceTree = "<group>"; };
		8D38C6ED1DF64C840011AF52 /* ParticleCommunicable.swift */ = {isa = PBXFileReference; fileEncoding = 4; lastKnownFileType = sourcecode.swift; path = ParticleCommunicable.swift; sourceTree = "<group>"; };
		8D38C6EF1DF64C840011AF52 /* DeviceCommunicationManager.swift */ = {isa = PBXFileReference; fileEncoding = 4; lastKnownFileType = sourcecode.swift; path = DeviceCommunicationManager.swift; sourceTree = "<group>"; };
		8D38C6F01DF64C840011AF52 /* DeviceConnection.swift */ = {isa = PBXFileReference; fileEncoding = 4; lastKnownFileType = sourcecode.swift; path = DeviceConnection.swift; sourceTree = "<group>"; };
		8D38C6F11DF64C840011AF52 /* Network.swift */ = {isa = PBXFileReference; fileEncoding = 4; lastKnownFileType = sourcecode.swift; path = Network.swift; sourceTree = "<group>"; };
		8D38C6F21DF64C840011AF52 /* Security.swift */ = {isa = PBXFileReference; fileEncoding = 4; lastKnownFileType = sourcecode.swift; path = Security.swift; sourceTree = "<group>"; };
		8D38C6F31DF64C840011AF52 /* Wifi.swift */ = {isa = PBXFileReference; fileEncoding = 4; lastKnownFileType = sourcecode.swift; path = Wifi.swift; sourceTree = "<group>"; };
		8D38C6F61DF64C840011AF52 /* Reachability.h */ = {isa = PBXFileReference; fileEncoding = 4; lastKnownFileType = sourcecode.c.h; path = Reachability.h; sourceTree = "<group>"; };
		8D38C6F71DF64C840011AF52 /* Reachability.m */ = {isa = PBXFileReference; fileEncoding = 4; lastKnownFileType = sourcecode.c.objc; path = Reachability.m; sourceTree = "<group>"; };
		8D38C6F81DF64C840011AF52 /* SwiftyRSA.swift */ = {isa = PBXFileReference; fileEncoding = 4; lastKnownFileType = sourcecode.swift; path = SwiftyRSA.swift; sourceTree = "<group>"; };
		8D38C6FA1DF64C840011AF52 /* ConnectingProgressViewController.swift */ = {isa = PBXFileReference; fileEncoding = 4; lastKnownFileType = sourcecode.swift; path = ConnectingProgressViewController.swift; sourceTree = "<group>"; };
		8D38C6FB1DF64C840011AF52 /* ConnectViewController.swift */ = {isa = PBXFileReference; fileEncoding = 4; lastKnownFileType = sourcecode.swift; path = ConnectViewController.swift; sourceTree = "<group>"; };
		8D38C6FC1DF64C840011AF52 /* NetworkCredentialsViewController.swift */ = {isa = PBXFileReference; fileEncoding = 4; lastKnownFileType = sourcecode.swift; path = NetworkCredentialsViewController.swift; sourceTree = "<group>"; };
		8D38C6FD1DF64C840011AF52 /* SelectNetworkViewController.swift */ = {isa = PBXFileReference; fileEncoding = 4; lastKnownFileType = sourcecode.swift; path = SelectNetworkViewController.swift; sourceTree = "<group>"; };
		8D38C7121DF64CC80011AF52 /* Glowb-Bridging-Header.h */ = {isa = PBXFileReference; lastKnownFileType = sourcecode.c.h; path = "Glowb-Bridging-Header.h"; sourceTree = "<group>"; };
		8D38C7131DF64E660011AF52 /* WizardIntroViewController.swift */ = {isa = PBXFileReference; fileEncoding = 4; lastKnownFileType = sourcecode.swift; path = WizardIntroViewController.swift; sourceTree = "<group>"; };
		8D38C7161DF64F3E0011AF52 /* WizardIntro.storyboard */ = {isa = PBXFileReference; fileEncoding = 4; lastKnownFileType = file.storyboard; path = WizardIntro.storyboard; sourceTree = "<group>"; };
		8D38C71C1DF652470011AF52 /* Button.swift */ = {isa = PBXFileReference; fileEncoding = 4; lastKnownFileType = sourcecode.swift; path = Button.swift; sourceTree = "<group>"; };
		8D38C71E1DF652600011AF52 /* PrimaryButton.swift */ = {isa = PBXFileReference; fileEncoding = 4; lastKnownFileType = sourcecode.swift; path = PrimaryButton.swift; sourceTree = "<group>"; };
		8D4D79F41DF9E809002C09D2 /* Assets.xcassets */ = {isa = PBXFileReference; lastKnownFileType = folder.assetcatalog; path = Assets.xcassets; sourceTree = "<group>"; };
		8D4D79F51DF9E809002C09D2 /* Glow.sks */ = {isa = PBXFileReference; lastKnownFileType = file.sks; path = Glow.sks; sourceTree = "<group>"; };
		8D4D79F91DF9E820002C09D2 /* GlowScene.swift */ = {isa = PBXFileReference; fileEncoding = 4; lastKnownFileType = sourcecode.swift; path = GlowScene.swift; sourceTree = "<group>"; };
		8D5AD44C1DF49352001082B0 /* Target.swift */ = {isa = PBXFileReference; fileEncoding = 4; lastKnownFileType = sourcecode.swift; path = Target.swift; sourceTree = "<group>"; };
		8D5AE8241DF499B100A520D4 /* BaseView.swift */ = {isa = PBXFileReference; fileEncoding = 4; lastKnownFileType = sourcecode.swift; path = BaseView.swift; sourceTree = "<group>"; };
		8D5AE8251DF499B100A520D4 /* View.swift */ = {isa = PBXFileReference; fileEncoding = 4; lastKnownFileType = sourcecode.swift; path = View.swift; sourceTree = "<group>"; };
		8D5AE8341DF499E600A520D4 /* BaseTextField.swift */ = {isa = PBXFileReference; fileEncoding = 4; lastKnownFileType = sourcecode.swift; path = BaseTextField.swift; sourceTree = "<group>"; };
		8D5AE8351DF499E600A520D4 /* TextField.swift */ = {isa = PBXFileReference; fileEncoding = 4; lastKnownFileType = sourcecode.swift; path = TextField.swift; sourceTree = "<group>"; };
		8D669EEF1DF358000029FDB0 /* LaunchScreen.storyboard */ = {isa = PBXFileReference; fileEncoding = 4; lastKnownFileType = file.storyboard; path = LaunchScreen.storyboard; sourceTree = "<group>"; };
		8D669EF31DF358370029FDB0 /* Interaction.storyboard */ = {isa = PBXFileReference; fileEncoding = 4; lastKnownFileType = file.storyboard; path = Interaction.storyboard; sourceTree = "<group>"; };
		8D669EFA1DF358B60029FDB0 /* UIColor+Glowb.swift */ = {isa = PBXFileReference; fileEncoding = 4; lastKnownFileType = sourcecode.swift; path = "UIColor+Glowb.swift"; sourceTree = "<group>"; };
		8D7291E81DF4B04A003F165F /* Label.swift */ = {isa = PBXFileReference; fileEncoding = 4; lastKnownFileType = sourcecode.swift; path = Label.swift; sourceTree = "<group>"; };
		8D7291EA1DF4B07E003F165F /* PrimaryTextLabel.swift */ = {isa = PBXFileReference; fileEncoding = 4; lastKnownFileType = sourcecode.swift; path = PrimaryTextLabel.swift; sourceTree = "<group>"; };
		8D7291EC1DF4B086003F165F /* SecondaryTextLabel.swift */ = {isa = PBXFileReference; fileEncoding = 4; lastKnownFileType = sourcecode.swift; path = SecondaryTextLabel.swift; sourceTree = "<group>"; };
		8D7291F21DF4B383003F165F /* ColorPreviewView.swift */ = {isa = PBXFileReference; fileEncoding = 4; lastKnownFileType = sourcecode.swift; path = ColorPreviewView.swift; sourceTree = "<group>"; };
		8D81296E1DF881FE00C50DEB /* Invite.swift */ = {isa = PBXFileReference; fileEncoding = 4; lastKnownFileType = sourcecode.swift; path = Invite.swift; sourceTree = "<group>"; };
		8D915BAF1DFF79CB0080D7BB /* Photo.swift */ = {isa = PBXFileReference; fileEncoding = 4; lastKnownFileType = sourcecode.swift; path = Photo.swift; sourceTree = "<group>"; };
		8D915BB11DFF7C550080D7BB /* S3ImageUploader.swift */ = {isa = PBXFileReference; fileEncoding = 4; lastKnownFileType = sourcecode.swift; path = S3ImageUploader.swift; sourceTree = "<group>"; };
		8D921DEA1DF48B600056FAAC /* Styleable.swift */ = {isa = PBXFileReference; fileEncoding = 4; lastKnownFileType = sourcecode.swift; path = Styleable.swift; sourceTree = "<group>"; };
		8DA2DFA11DF79EB800B85B05 /* User.swift */ = {isa = PBXFileReference; fileEncoding = 4; lastKnownFileType = sourcecode.swift; path = User.swift; sourceTree = "<group>"; };
		8DA75EE31DF355EB00A35737 /* InteractionViewController.swift */ = {isa = PBXFileReference; fileEncoding = 4; lastKnownFileType = sourcecode.swift; path = InteractionViewController.swift; sourceTree = "<group>"; };
		8DB1E0861DF36670000648C3 /* Info.plist */ = {isa = PBXFileReference; fileEncoding = 4; lastKnownFileType = text.plist.xml; path = Info.plist; sourceTree = "<group>"; };
		8DB1E0891DF366AE000648C3 /* Assets.xcassets */ = {isa = PBXFileReference; lastKnownFileType = folder.assetcatalog; path = Assets.xcassets; sourceTree = "<group>"; };
		8DB1E08E1DF36E60000648C3 /* NibInitializable.swift */ = {isa = PBXFileReference; fileEncoding = 4; lastKnownFileType = sourcecode.swift; path = NibInitializable.swift; sourceTree = "<group>"; };
		8DB1E0901DF36E6F000648C3 /* StoryboardInitializable.swift */ = {isa = PBXFileReference; fileEncoding = 4; lastKnownFileType = sourcecode.swift; path = StoryboardInitializable.swift; sourceTree = "<group>"; };
		8DB1E0921DF3CB3D000648C3 /* DashedView.swift */ = {isa = PBXFileReference; fileEncoding = 4; lastKnownFileType = sourcecode.swift; path = DashedView.swift; sourceTree = "<group>"; };
		8DC057481DFB328800B26BB4 /* Configuration.plist */ = {isa = PBXFileReference; fileEncoding = 4; lastKnownFileType = text.plist.xml; path = Configuration.plist; sourceTree = "<group>"; };
		8DC174BA1DF66D8100FB7A13 /* Connect.storyboard */ = {isa = PBXFileReference; fileEncoding = 4; lastKnownFileType = file.storyboard; path = Connect.storyboard; sourceTree = "<group>"; };
		8DC174C01DF68A4400FB7A13 /* NetworkCredentials.storyboard */ = {isa = PBXFileReference; fileEncoding = 4; lastKnownFileType = file.storyboard; path = NetworkCredentials.storyboard; sourceTree = "<group>"; };
		8DD0DA4A1DFB3B25000CB745 /* PlistReadable.swift */ = {isa = PBXFileReference; fileEncoding = 4; lastKnownFileType = sourcecode.swift; path = PlistReadable.swift; sourceTree = "<group>"; };
		8DD0DA4C1DFB3C6B000CB745 /* DescriptiveForceUnwrap.swift */ = {isa = PBXFileReference; fileEncoding = 4; lastKnownFileType = sourcecode.swift; path = DescriptiveForceUnwrap.swift; sourceTree = "<group>"; };
		8DD0DA4E1DFB3D6D000CB745 /* Plist.swift */ = {isa = PBXFileReference; fileEncoding = 4; lastKnownFileType = sourcecode.swift; path = Plist.swift; sourceTree = "<group>"; };
		8DD0DA501DFB44D6000CB745 /* ServerResponseParser.swift */ = {isa = PBXFileReference; fileEncoding = 4; lastKnownFileType = sourcecode.swift; path = ServerResponseParser.swift; sourceTree = "<group>"; };
		8DD0DA531DFB4B74000CB745 /* Glowb.entitlements */ = {isa = PBXFileReference; lastKnownFileType = text.plist.entitlements; path = Glowb.entitlements; sourceTree = "<group>"; };
		8DD0DA561DFB5C72000CB745 /* AccessToken.swift */ = {isa = PBXFileReference; fileEncoding = 4; lastKnownFileType = sourcecode.swift; path = AccessToken.swift; sourceTree = "<group>"; };
		A10438662ADFB9A7338445F0 /* Pods-Glowb.development.xcconfig */ = {isa = PBXFileReference; includeInIndex = 1; lastKnownFileType = text.xcconfig; name = "Pods-Glowb.development.xcconfig"; path = "Pods/Target Support Files/Pods-Glowb/Pods-Glowb.development.xcconfig"; sourceTree = "<group>"; };
/* End PBXFileReference section */

/* Begin PBXFrameworksBuildPhase section */
		8D22209D1DEF3BB80082E315 /* Frameworks */ = {
			isa = PBXFrameworksBuildPhase;
			buildActionMask = 2147483647;
			files = (
				2466D85396CA6A7CB0B2396E /* Pods_Glowb.framework in Frameworks */,
			);
			runOnlyForDeploymentPostprocessing = 0;
		};
/* End PBXFrameworksBuildPhase section */

/* Begin PBXGroup section */
		6A2ED300818578B2C2A5AF47 /* Pods */ = {
			isa = PBXGroup;
			children = (
				81B97BEB0DC2885E869503AF /* Pods-Glowb.debug.xcconfig */,
				54E12DCAF388AD1CFD8675D0 /* Pods-Glowb.release.xcconfig */,
				A10438662ADFB9A7338445F0 /* Pods-Glowb.development.xcconfig */,
				35C3DF68DDB96707364A4512 /* Pods-Glowb.distribution.xcconfig */,
			);
			name = Pods;
			sourceTree = "<group>";
		};
		6D140C25B8E795F6042826C7 /* Frameworks */ = {
			isa = PBXGroup;
			children = (
				28EB6C2F626DEB611EBB91E0 /* Pods_Glowb.framework */,
			);
			name = Frameworks;
			sourceTree = "<group>";
		};
		8D1537D01DFA58A0008E199F /* Base */ = {
			isa = PBXGroup;
			children = (
				8D1537D11DFA58A0008E199F /* BaseNavigationController.swift */,
				8D1537D21DFA58A0008E199F /* BaseTableViewController.swift */,
				8D1537D31DFA58A0008E199F /* BaseViewController.swift */,
			);
			path = Base;
			sourceTree = "<group>";
		};
		8D1537E11DFA6479008E199F /* CollectionView */ = {
			isa = PBXGroup;
			children = (
				8D1537E41DFA6479008E199F /* Base */,
				8D1537E21DFA6479008E199F /* AddInteractionCollectionViewCell.swift */,
				8D1537E31DFA6479008E199F /* AddInteractionCollectionViewCell.xib */,
			);
			path = CollectionView;
			sourceTree = "<group>";
		};
		8D1537E41DFA6479008E199F /* Base */ = {
			isa = PBXGroup;
			children = (
				8D1537E51DFA6479008E199F /* BaseCollectionViewCell.swift */,
				8D1537E61DFA6479008E199F /* CollectionViewCell.swift */,
			);
			path = Base;
			sourceTree = "<group>";
		};
		8D1537E71DFA6479008E199F /* TableView */ = {
			isa = PBXGroup;
			children = (
				8D1537E81DFA6479008E199F /* Base */,
				8D1537EB1DFA6479008E199F /* ColorSelectionRepresentableTableViewCell.swift */,
				8D1537EC1DFA6479008E199F /* ColorSelectionRepresentableTableViewCell.xib */,
				8D1537ED1DFA6479008E199F /* ColorSelectionTableViewCell.swift */,
				8D1537EE1DFA6479008E199F /* ColorSelectionTableViewCell.xib */,
				8D1537EF1DFA6479008E199F /* DeviceSelectionTableViewCell.swift */,
				8D1537F01DFA6479008E199F /* DeviceSelectionTableViewCell.xib */,
				8D1537F11DFA6479008E199F /* TextFieldTableViewCell.swift */,
				8D1537F21DFA6479008E199F /* TextFieldTableViewCell.xib */,
				8D1537F31DFA6479008E199F /* TextSelectionRepresentableTableViewCell.swift */,
				8D1537F41DFA6479008E199F /* TextSelectionRepresentableTableViewCell.xib */,
				8D1537F51DFA6479008E199F /* WiFiTableViewCell.swift */,
				8D1537F61DFA6479008E199F /* WiFiTableViewCell.xib */,
			);
			path = TableView;
			sourceTree = "<group>";
		};
		8D1537E81DFA6479008E199F /* Base */ = {
			isa = PBXGroup;
			children = (
				8D1537E91DFA6479008E199F /* BaseTableViewCell.swift */,
				8D1537EA1DFA6479008E199F /* TableViewCell.swift */,
			);
			path = Base;
			sourceTree = "<group>";
		};
		8D2220971DEF3BB80082E315 = {
			isa = PBXGroup;
			children = (
				8D2220A21DEF3BB80082E315 /* Glowb */,
				8D2220A11DEF3BB80082E315 /* Products */,
				6A2ED300818578B2C2A5AF47 /* Pods */,
				6D140C25B8E795F6042826C7 /* Frameworks */,
			);
			sourceTree = "<group>";
		};
		8D2220A11DEF3BB80082E315 /* Products */ = {
			isa = PBXGroup;
			children = (
				8D2220A01DEF3BB80082E315 /* Glowb.app */,
			);
			name = Products;
			sourceTree = "<group>";
		};
		8D2220A21DEF3BB80082E315 /* Glowb */ = {
			isa = PBXGroup;
			children = (
				8D2220A31DEF3BB80082E315 /* AppDelegate.swift */,
				8D4D79EB1DF9E761002C09D2 /* SpriteKit */,
				8D669EEE1DF358000029FDB0 /* Storyboards */,
				8D424FAB1DEF4A7F00766BE2 /* ViewControllers */,
				8DC533B61DF3553A0040628C /* Views */,
				8D38C6D31DF623C90011AF52 /* Models */,
				8D38C6D61DF6247F0011AF52 /* ViewModels */,
				8D669EF71DF358A30029FDB0 /* Extensions */,
				8DB1E08D1DF36E60000648C3 /* Protocols */,
				8D2781E31DF48FAF0050E4E8 /* Utility */,
				8D37CE491DF91B290068B09E /* Transitions */,
				8D38C6E51DF64C840011AF52 /* Wizard */,
				8DB1E0881DF366AE000648C3 /* Assets */,
				8DB1E0851DF36670000648C3 /* SupportingFiles */,
			);
			path = Glowb;
			sourceTree = "<group>";
		};
		8D2781E31DF48FAF0050E4E8 /* Utility */ = {
			isa = PBXGroup;
			children = (
				8D5AD44C1DF49352001082B0 /* Target.swift */,
				8D369A861DF78717002C8D72 /* Router.swift */,
				8DD0DA4C1DFB3C6B000CB745 /* DescriptiveForceUnwrap.swift */,
				8DD0DA4E1DFB3D6D000CB745 /* Plist.swift */,
				8DD0DA501DFB44D6000CB745 /* ServerResponseParser.swift */,
				8D915BB11DFF7C550080D7BB /* S3ImageUploader.swift */,
			);
			path = Utility;
			sourceTree = "<group>";
		};
		8D37CE491DF91B290068B09E /* Transitions */ = {
			isa = PBXGroup;
			children = (
				8D37CE4A1DF91B370068B09E /* CardAnimationController.swift */,
				8D37CE4E1DF91B6C0068B09E /* CardTransitioningDelegate.swift */,
				8D37CE4C1DF91B510068B09E /* CardPresentationController.swift */,
			);
			path = Transitions;
			sourceTree = "<group>";
		};
		8D38C6D31DF623C90011AF52 /* Models */ = {
			isa = PBXGroup;
			children = (
				8D38C6D91DF625310011AF52 /* Device.swift */,
				8D38C6DB1DF6253A0011AF52 /* Color.swift */,
				8D2DC9881DF71AF10074F194 /* Interaction.swift */,
				8DA2DFA11DF79EB800B85B05 /* User.swift */,
				8DD0DA561DFB5C72000CB745 /* AccessToken.swift */,
				8D81296E1DF881FE00C50DEB /* Invite.swift */,
				8D915BAF1DFF79CB0080D7BB /* Photo.swift */,
			);
			path = Models;
			sourceTree = "<group>";
		};
		8D38C6D61DF6247F0011AF52 /* ViewModels */ = {
			isa = PBXGroup;
			children = (
				8D38C6D71DF6247F0011AF52 /* SelectableViewModel.swift */,
			);
			path = ViewModels;
			sourceTree = "<group>";
		};
		8D38C6E51DF64C840011AF52 /* Wizard */ = {
			isa = PBXGroup;
			children = (
				8D38C7151DF64F340011AF52 /* Storyboards */,
				8D38C6F91DF64C840011AF52 /* ViewControllers */,
				8D38C6E61DF64C840011AF52 /* Commands */,
				8D38C6EE1DF64C840011AF52 /* Models */,
				8D38C6F41DF64C840011AF52 /* Utility */,
			);
			path = Wizard;
			sourceTree = "<group>";
		};
		8D38C6E61DF64C840011AF52 /* Commands */ = {
			isa = PBXGroup;
			children = (
				8D38C6E71DF64C840011AF52 /* Command+ConfigureAP.swift */,
				8D38C6E81DF64C840011AF52 /* Command+Device.swift */,
				8D38C6E91DF64C840011AF52 /* Command+PublicKey.swift */,
				8D38C6EA1DF64C840011AF52 /* Command+ScanAP.swift */,
				8D38C6EB1DF64C840011AF52 /* Command.swift */,
				8D38C6EC1DF64C840011AF52 /* ConnectAP.swift */,
				8D38C6ED1DF64C840011AF52 /* ParticleCommunicable.swift */,
			);
			path = Commands;
			sourceTree = "<group>";
		};
		8D38C6EE1DF64C840011AF52 /* Models */ = {
			isa = PBXGroup;
			children = (
				8D38C6EF1DF64C840011AF52 /* DeviceCommunicationManager.swift */,
				8D38C6F01DF64C840011AF52 /* DeviceConnection.swift */,
				8D38C6F11DF64C840011AF52 /* Network.swift */,
				8D38C6F21DF64C840011AF52 /* Security.swift */,
				8D38C6F31DF64C840011AF52 /* Wifi.swift */,
			);
			path = Models;
			sourceTree = "<group>";
		};
		8D38C6F41DF64C840011AF52 /* Utility */ = {
			isa = PBXGroup;
			children = (
				8D38C6F61DF64C840011AF52 /* Reachability.h */,
				8D38C6F71DF64C840011AF52 /* Reachability.m */,
				8D38C6F81DF64C840011AF52 /* SwiftyRSA.swift */,
			);
			path = Utility;
			sourceTree = "<group>";
		};
		8D38C6F91DF64C840011AF52 /* ViewControllers */ = {
			isa = PBXGroup;
			children = (
				8D38C7131DF64E660011AF52 /* WizardIntroViewController.swift */,
				8D38C6FB1DF64C840011AF52 /* ConnectViewController.swift */,
				8D38C6FD1DF64C840011AF52 /* SelectNetworkViewController.swift */,
				8D38C6FC1DF64C840011AF52 /* NetworkCredentialsViewController.swift */,
				8D38C6FA1DF64C840011AF52 /* ConnectingProgressViewController.swift */,
			);
			path = ViewControllers;
			sourceTree = "<group>";
		};
		8D38C7151DF64F340011AF52 /* Storyboards */ = {
			isa = PBXGroup;
			children = (
				8D38C7161DF64F3E0011AF52 /* WizardIntro.storyboard */,
				8DC174BA1DF66D8100FB7A13 /* Connect.storyboard */,
				8DC174C01DF68A4400FB7A13 /* NetworkCredentials.storyboard */,
			);
			path = Storyboards;
			sourceTree = "<group>";
		};
		8D38C71A1DF6522A0011AF52 /* Buttons */ = {
			isa = PBXGroup;
			children = (
				8D38C71B1DF6522A0011AF52 /* Base */,
				8D38C71E1DF652600011AF52 /* PrimaryButton.swift */,
			);
			path = Buttons;
			sourceTree = "<group>";
		};
		8D38C71B1DF6522A0011AF52 /* Base */ = {
			isa = PBXGroup;
			children = (
				8D38C71C1DF652470011AF52 /* Button.swift */,
			);
			path = Base;
			sourceTree = "<group>";
		};
		8D424FAB1DEF4A7F00766BE2 /* ViewControllers */ = {
			isa = PBXGroup;
			children = (
				8D1537D01DFA58A0008E199F /* Base */,
				8D1537D71DFA59D0008E199F /* InteractionsViewController.swift */,
				8DA75EE31DF355EB00A35737 /* InteractionViewController.swift */,
				8D38C6CF1DF6228F0011AF52 /* SelectableTableViewController.swift */,
				8D38C6E31DF6480C0011AF52 /* DeviceSelectionTableViewController.swift */,
			);
			path = ViewControllers;
			sourceTree = "<group>";
		};
		8D4D79EB1DF9E761002C09D2 /* SpriteKit */ = {
			isa = PBXGroup;
			children = (
				8D4D79F81DF9E80D002C09D2 /* Scene */,
				8D4D79F31DF9E809002C09D2 /* Particles */,
			);
			path = SpriteKit;
			sourceTree = "<group>";
		};
		8D4D79F31DF9E809002C09D2 /* Particles */ = {
			isa = PBXGroup;
			children = (
				8D4D79F41DF9E809002C09D2 /* Assets.xcassets */,
				8D4D79F51DF9E809002C09D2 /* Glow.sks */,
			);
			path = Particles;
			sourceTree = "<group>";
		};
		8D4D79F81DF9E80D002C09D2 /* Scene */ = {
			isa = PBXGroup;
			children = (
				8D4D79F91DF9E820002C09D2 /* GlowScene.swift */,
			);
			path = Scene;
			sourceTree = "<group>";
		};
		8D5AE8231DF499B100A520D4 /* Base */ = {
			isa = PBXGroup;
			children = (
				8D5AE8251DF499B100A520D4 /* View.swift */,
				8D5AE8241DF499B100A520D4 /* BaseView.swift */,
			);
			path = Base;
			sourceTree = "<group>";
		};
		8D5AE82D1DF499CB00A520D4 /* TextFields */ = {
			isa = PBXGroup;
			children = (
				8D5AE8331DF499E600A520D4 /* Base */,
			);
			path = TextFields;
			sourceTree = "<group>";
		};
		8D5AE8331DF499E600A520D4 /* Base */ = {
			isa = PBXGroup;
			children = (
				8D5AE8351DF499E600A520D4 /* TextField.swift */,
				8D5AE8341DF499E600A520D4 /* BaseTextField.swift */,
			);
			path = Base;
			sourceTree = "<group>";
		};
		8D669EEE1DF358000029FDB0 /* Storyboards */ = {
			isa = PBXGroup;
			children = (
				8D669EEF1DF358000029FDB0 /* LaunchScreen.storyboard */,
				8D15380B1DFA6994008E199F /* Interactions.storyboard */,
				8D669EF31DF358370029FDB0 /* Interaction.storyboard */,
			);
			path = Storyboards;
			sourceTree = "<group>";
		};
		8D669EF71DF358A30029FDB0 /* Extensions */ = {
			isa = PBXGroup;
			children = (
				8D669EFA1DF358B60029FDB0 /* UIColor+Glowb.swift */,
				8D208B681DF3D6BE003209A5 /* UITableView+ReusableView.swift */,
				8D1538091DFA6781008E199F /* UICollectionView+ReusableView.swift */,
				8D03A4261DFD04A500B73BD9 /* NotificationName+Custom.swift */,
			);
			path = Extensions;
			sourceTree = "<group>";
		};
		8D7291E61DF4B04A003F165F /* Labels */ = {
			isa = PBXGroup;
			children = (
				8D7291E71DF4B04A003F165F /* Base */,
				8D7291EA1DF4B07E003F165F /* PrimaryTextLabel.swift */,
				8D7291EC1DF4B086003F165F /* SecondaryTextLabel.swift */,
			);
			path = Labels;
			sourceTree = "<group>";
		};
		8D7291E71DF4B04A003F165F /* Base */ = {
			isa = PBXGroup;
			children = (
				8D7291E81DF4B04A003F165F /* Label.swift */,
			);
			path = Base;
			sourceTree = "<group>";
		};
		8DAC60B51DF3D53200C408D4 /* Cells */ = {
			isa = PBXGroup;
			children = (
				8D1537E11DFA6479008E199F /* CollectionView */,
				8D1537E71DFA6479008E199F /* TableView */,
			);
			path = Cells;
			sourceTree = "<group>";
		};
		8DB1E0851DF36670000648C3 /* SupportingFiles */ = {
			isa = PBXGroup;
			children = (
				8DD0DA531DFB4B74000CB745 /* Glowb.entitlements */,
				8D38C7121DF64CC80011AF52 /* Glowb-Bridging-Header.h */,
				8DB1E0861DF36670000648C3 /* Info.plist */,
				8DC057481DFB328800B26BB4 /* Configuration.plist */,
			);
			path = SupportingFiles;
			sourceTree = "<group>";
		};
		8DB1E0881DF366AE000648C3 /* Assets */ = {
			isa = PBXGroup;
			children = (
				8DB1E0891DF366AE000648C3 /* Assets.xcassets */,
			);
			path = Assets;
			sourceTree = "<group>";
		};
		8DB1E08D1DF36E60000648C3 /* Protocols */ = {
			isa = PBXGroup;
			children = (
				8DB1E08E1DF36E60000648C3 /* NibInitializable.swift */,
				8DB1E0901DF36E6F000648C3 /* StoryboardInitializable.swift */,
				8D208B6A1DF3D707003209A5 /* ReusableView.swift */,
				8D921DEA1DF48B600056FAAC /* Styleable.swift */,
				8D2781E81DF491380050E4E8 /* Themeable.swift */,
				8D38C6D11DF6232E0011AF52 /* Selectable.swift */,
				8DD0DA4A1DFB3B25000CB745 /* PlistReadable.swift */,
			);
			path = Protocols;
			sourceTree = "<group>";
		};
		8DC533B61DF3553A0040628C /* Views */ = {
			isa = PBXGroup;
			children = (
				8D5AE8231DF499B100A520D4 /* Base */,
				8DB1E0921DF3CB3D000648C3 /* DashedView.swift */,
				8D7291F21DF4B383003F165F /* ColorPreviewView.swift */,
				8D38C71A1DF6522A0011AF52 /* Buttons */,
				8D7291E61DF4B04A003F165F /* Labels */,
				8D5AE82D1DF499CB00A520D4 /* TextFields */,
				8DAC60B51DF3D53200C408D4 /* Cells */,
			);
			path = Views;
			sourceTree = "<group>";
		};
/* End PBXGroup section */

/* Begin PBXNativeTarget section */
		8D22209F1DEF3BB80082E315 /* Glowb */ = {
			isa = PBXNativeTarget;
			buildConfigurationList = 8D2220B21DEF3BB80082E315 /* Build configuration list for PBXNativeTarget "Glowb" */;
			buildPhases = (
				635FEAA879A0238E43EA3121 /* [CP] Check Pods Manifest.lock */,
				8DD0DA491DFB3749000CB745 /* Copy Configuration */,
				8D22209C1DEF3BB80082E315 /* Sources */,
				8D22209D1DEF3BB80082E315 /* Frameworks */,
				8D22209E1DEF3BB80082E315 /* Resources */,
				9BE5544F96A9310773E32617 /* [CP] Embed Pods Frameworks */,
				1B19157FD6D653E9892DBAD3 /* [CP] Copy Pods Resources */,
			);
			buildRules = (
			);
			dependencies = (
			);
			name = Glowb;
			productName = Glowb;
			productReference = 8D2220A01DEF3BB80082E315 /* Glowb.app */;
			productType = "com.apple.product-type.application";
		};
/* End PBXNativeTarget section */

/* Begin PBXProject section */
		8D2220981DEF3BB80082E315 /* Project object */ = {
			isa = PBXProject;
			attributes = {
				LastSwiftUpdateCheck = 0810;
				LastUpgradeCheck = 0810;
				ORGANIZATIONNAME = "Michael Kavouras";
				TargetAttributes = {
					8D22209F1DEF3BB80082E315 = {
						CreatedOnToolsVersion = 8.1;
						DevelopmentTeam = A56D86G827;
						ProvisioningStyle = Manual;
						SystemCapabilities = {
							com.apple.Keychain = {
								enabled = 1;
							};
						};
					};
				};
			};
			buildConfigurationList = 8D22209B1DEF3BB80082E315 /* Build configuration list for PBXProject "Glowb" */;
			compatibilityVersion = "Xcode 3.2";
			developmentRegion = English;
			hasScannedForEncodings = 0;
			knownRegions = (
				en,
				Base,
			);
			mainGroup = 8D2220971DEF3BB80082E315;
			productRefGroup = 8D2220A11DEF3BB80082E315 /* Products */;
			projectDirPath = "";
			projectRoot = "";
			targets = (
				8D22209F1DEF3BB80082E315 /* Glowb */,
			);
		};
/* End PBXProject section */

/* Begin PBXResourcesBuildPhase section */
		8D22209E1DEF3BB80082E315 /* Resources */ = {
			isa = PBXResourcesBuildPhase;
			buildActionMask = 2147483647;
			files = (
				8D15380C1DFA6994008E199F /* Interactions.storyboard in Resources */,
				8D38C7171DF64F3E0011AF52 /* WizardIntro.storyboard in Resources */,
				8D4D79F71DF9E809002C09D2 /* Glow.sks in Resources */,
				8D669EF41DF358370029FDB0 /* Interaction.storyboard in Resources */,
				8D1538021DFA6479008E199F /* DeviceSelectionTableViewCell.xib in Resources */,
				8D4D79F61DF9E809002C09D2 /* Assets.xcassets in Resources */,
				8DC057491DFB328800B26BB4 /* Configuration.plist in Resources */,
				8D1538001DFA6479008E199F /* ColorSelectionTableViewCell.xib in Resources */,
				8D1538061DFA6479008E199F /* TextSelectionRepresentableTableViewCell.xib in Resources */,
				8D1538081DFA6479008E199F /* WiFiTableViewCell.xib in Resources */,
				8DC174BB1DF66D8100FB7A13 /* Connect.storyboard in Resources */,
				8D1537F81DFA6479008E199F /* AddInteractionCollectionViewCell.xib in Resources */,
				8DC174C11DF68A4400FB7A13 /* NetworkCredentials.storyboard in Resources */,
				8D669EF11DF358000029FDB0 /* LaunchScreen.storyboard in Resources */,
				8D1538041DFA6479008E199F /* TextFieldTableViewCell.xib in Resources */,
				8DB1E08A1DF366AE000648C3 /* Assets.xcassets in Resources */,
				8D1537FE1DFA6479008E199F /* ColorSelectionRepresentableTableViewCell.xib in Resources */,
			);
			runOnlyForDeploymentPostprocessing = 0;
		};
/* End PBXResourcesBuildPhase section */

/* Begin PBXShellScriptBuildPhase section */
		1B19157FD6D653E9892DBAD3 /* [CP] Copy Pods Resources */ = {
			isa = PBXShellScriptBuildPhase;
			buildActionMask = 2147483647;
			files = (
			);
			inputPaths = (
			);
			name = "[CP] Copy Pods Resources";
			outputPaths = (
			);
			runOnlyForDeploymentPostprocessing = 0;
			shellPath = /bin/sh;
			shellScript = "\"${SRCROOT}/Pods/Target Support Files/Pods-Glowb/Pods-Glowb-resources.sh\"\n";
			showEnvVarsInLog = 0;
		};
		635FEAA879A0238E43EA3121 /* [CP] Check Pods Manifest.lock */ = {
			isa = PBXShellScriptBuildPhase;
			buildActionMask = 2147483647;
			files = (
			);
			inputPaths = (
			);
			name = "[CP] Check Pods Manifest.lock";
			outputPaths = (
			);
			runOnlyForDeploymentPostprocessing = 0;
			shellPath = /bin/sh;
			shellScript = "diff \"${PODS_ROOT}/../Podfile.lock\" \"${PODS_ROOT}/Manifest.lock\" > /dev/null\nif [ $? != 0 ] ; then\n    # print error to STDERR\n    echo \"error: The sandbox is not in sync with the Podfile.lock. Run 'pod install' or update your CocoaPods installation.\" >&2\n    exit 1\nfi\n";
			showEnvVarsInLog = 0;
		};
		8DD0DA491DFB3749000CB745 /* Copy Configuration */ = {
			isa = PBXShellScriptBuildPhase;
			buildActionMask = 2147483647;
			files = (
			);
			inputPaths = (
			);
			name = "Copy Configuration";
			outputPaths = (
			);
			runOnlyForDeploymentPostprocessing = 0;
			shellPath = /bin/sh;
			shellScript = "ROOT=$SRCROOT/Glowb/SupportingFiles;\ncp $ROOT/Configuration.$CONFIGURATION.plist $ROOT/Configuration.plist";
		};
		9BE5544F96A9310773E32617 /* [CP] Embed Pods Frameworks */ = {
			isa = PBXShellScriptBuildPhase;
			buildActionMask = 2147483647;
			files = (
			);
			inputPaths = (
			);
			name = "[CP] Embed Pods Frameworks";
			outputPaths = (
			);
			runOnlyForDeploymentPostprocessing = 0;
			shellPath = /bin/sh;
			shellScript = "\"${SRCROOT}/Pods/Target Support Files/Pods-Glowb/Pods-Glowb-frameworks.sh\"\n";
			showEnvVarsInLog = 0;
		};
/* End PBXShellScriptBuildPhase section */

/* Begin PBXSourcesBuildPhase section */
		8D22209C1DEF3BB80082E315 /* Sources */ = {
			isa = PBXSourcesBuildPhase;
			buildActionMask = 2147483647;
			files = (
				8D38C6D81DF6247F0011AF52 /* SelectableViewModel.swift in Sources */,
				8D5AE8361DF499E600A520D4 /* BaseTextField.swift in Sources */,
				8D38C6FF1DF64C840011AF52 /* Command+ConfigureAP.swift in Sources */,
				8D38C70E1DF64C840011AF52 /* ConnectViewController.swift in Sources */,
				8D4D79FA1DF9E820002C09D2 /* GlowScene.swift in Sources */,
				8D1537F91DFA6479008E199F /* BaseCollectionViewCell.swift in Sources */,
				8D03A4271DFD04A500B73BD9 /* NotificationName+Custom.swift in Sources */,
				8D915BB01DFF79CB0080D7BB /* Photo.swift in Sources */,
				8D15380A1DFA6781008E199F /* UICollectionView+ReusableView.swift in Sources */,
				8D38C7041DF64C840011AF52 /* ConnectAP.swift in Sources */,
				8D38C70F1DF64C840011AF52 /* NetworkCredentialsViewController.swift in Sources */,
				8DA2DFA21DF79EB800B85B05 /* User.swift in Sources */,
				8D7291F31DF4B383003F165F /* ColorPreviewView.swift in Sources */,
				8D1538031DFA6479008E199F /* TextFieldTableViewCell.swift in Sources */,
				8D38C70D1DF64C840011AF52 /* ConnectingProgressViewController.swift in Sources */,
				8D38C6DC1DF6253A0011AF52 /* Color.swift in Sources */,
				8DD0DA571DFB5C72000CB745 /* AccessToken.swift in Sources */,
				8D1537FC1DFA6479008E199F /* TableViewCell.swift in Sources */,
				8D37CE4D1DF91B510068B09E /* CardPresentationController.swift in Sources */,
				8D38C71F1DF652600011AF52 /* PrimaryButton.swift in Sources */,
				8D38C70B1DF64C840011AF52 /* Reachability.m in Sources */,
				8D5AE8371DF499E600A520D4 /* TextField.swift in Sources */,
				8DA75EE41DF355EB00A35737 /* InteractionViewController.swift in Sources */,
				8D38C6D21DF6232E0011AF52 /* Selectable.swift in Sources */,
				8DD0DA4D1DFB3C6B000CB745 /* DescriptiveForceUnwrap.swift in Sources */,
				8D369A871DF78717002C8D72 /* Router.swift in Sources */,
				8D669EFB1DF358B60029FDB0 /* UIColor+Glowb.swift in Sources */,
				8D1537FB1DFA6479008E199F /* BaseTableViewCell.swift in Sources */,
				8D38C7021DF64C840011AF52 /* Command+ScanAP.swift in Sources */,
				8D81296F1DF881FE00C50DEB /* Invite.swift in Sources */,
				8D5AE8271DF499B100A520D4 /* View.swift in Sources */,
				8DD0DA511DFB44D6000CB745 /* ServerResponseParser.swift in Sources */,
				8D7291EB1DF4B07E003F165F /* PrimaryTextLabel.swift in Sources */,
				8D38C7031DF64C840011AF52 /* Command.swift in Sources */,
				8D208B6B1DF3D707003209A5 /* ReusableView.swift in Sources */,
				8D38C7141DF64E660011AF52 /* WizardIntroViewController.swift in Sources */,
				8D2DC9891DF71AF10074F194 /* Interaction.swift in Sources */,
				8DB1E0911DF36E6F000648C3 /* StoryboardInitializable.swift in Sources */,
				8D5AD44D1DF49352001082B0 /* Target.swift in Sources */,
				8D38C7091DF64C840011AF52 /* Security.swift in Sources */,
				8D38C70A1DF64C840011AF52 /* Wifi.swift in Sources */,
				8D38C6DA1DF625310011AF52 /* Device.swift in Sources */,
				8D1538071DFA6479008E199F /* WiFiTableViewCell.swift in Sources */,
				8D915BB21DFF7C550080D7BB /* S3ImageUploader.swift in Sources */,
				8D7291E91DF4B04A003F165F /* Label.swift in Sources */,
				8D38C7011DF64C840011AF52 /* Command+PublicKey.swift in Sources */,
				8DD0DA4B1DFB3B25000CB745 /* PlistReadable.swift in Sources */,
				8D1538051DFA6479008E199F /* TextSelectionRepresentableTableViewCell.swift in Sources */,
				8D1537D61DFA58A0008E199F /* BaseViewController.swift in Sources */,
				8D7291ED1DF4B086003F165F /* SecondaryTextLabel.swift in Sources */,
				8D37CE4B1DF91B370068B09E /* CardAnimationController.swift in Sources */,
				8DD0DA4F1DFB3D6D000CB745 /* Plist.swift in Sources */,
				8D1537FA1DFA6479008E199F /* CollectionViewCell.swift in Sources */,
				8DB1E08F1DF36E60000648C3 /* NibInitializable.swift in Sources */,
				8D1538011DFA6479008E199F /* DeviceSelectionTableViewCell.swift in Sources */,
				8D38C7061DF64C840011AF52 /* DeviceCommunicationManager.swift in Sources */,
				8DB1E0931DF3CB3D000648C3 /* DashedView.swift in Sources */,
				8D2220A41DEF3BB80082E315 /* AppDelegate.swift in Sources */,
				8D38C7051DF64C840011AF52 /* ParticleCommunicable.swift in Sources */,
				8D1537D81DFA59D0008E199F /* InteractionsViewController.swift in Sources */,
				8D38C6D01DF6228F0011AF52 /* SelectableTableViewController.swift in Sources */,
				8D1537D51DFA58A0008E199F /* BaseTableViewController.swift in Sources */,
				8D38C70C1DF64C840011AF52 /* SwiftyRSA.swift in Sources */,
				8D38C71D1DF652470011AF52 /* Button.swift in Sources */,
				8D38C7001DF64C840011AF52 /* Command+Device.swift in Sources */,
				8D1537FF1DFA6479008E199F /* ColorSelectionTableViewCell.swift in Sources */,
				8D921DEB1DF48B600056FAAC /* Styleable.swift in Sources */,
				8D38C7071DF64C840011AF52 /* DeviceConnection.swift in Sources */,
				8D37CE4F1DF91B6C0068B09E /* CardTransitioningDelegate.swift in Sources */,
				8D38C7081DF64C840011AF52 /* Network.swift in Sources */,
				8D2781E91DF491380050E4E8 /* Themeable.swift in Sources */,
				8D1537F71DFA6479008E199F /* AddInteractionCollectionViewCell.swift in Sources */,
				8D38C7101DF64C840011AF52 /* SelectNetworkViewController.swift in Sources */,
				8D1537D41DFA58A0008E199F /* BaseNavigationController.swift in Sources */,
				8D208B691DF3D6BE003209A5 /* UITableView+ReusableView.swift in Sources */,
				8D1537FD1DFA6479008E199F /* ColorSelectionRepresentableTableViewCell.swift in Sources */,
				8D38C6E41DF6480C0011AF52 /* DeviceSelectionTableViewController.swift in Sources */,
				8D5AE8261DF499B100A520D4 /* BaseView.swift in Sources */,
			);
			runOnlyForDeploymentPostprocessing = 0;
		};
/* End PBXSourcesBuildPhase section */

/* Begin XCBuildConfiguration section */
		8DD0DA451DFB36D3000CB745 /* Development */ = {
			isa = XCBuildConfiguration;
			buildSettings = {
				ALWAYS_SEARCH_USER_PATHS = NO;
				CLANG_ANALYZER_NONNULL = YES;
				CLANG_CXX_LANGUAGE_STANDARD = "gnu++0x";
				CLANG_CXX_LIBRARY = "libc++";
				CLANG_ENABLE_MODULES = YES;
				CLANG_ENABLE_OBJC_ARC = YES;
				CLANG_WARN_BOOL_CONVERSION = YES;
				CLANG_WARN_CONSTANT_CONVERSION = YES;
				CLANG_WARN_DIRECT_OBJC_ISA_USAGE = YES_ERROR;
				CLANG_WARN_DOCUMENTATION_COMMENTS = YES;
				CLANG_WARN_EMPTY_BODY = YES;
				CLANG_WARN_ENUM_CONVERSION = YES;
				CLANG_WARN_INFINITE_RECURSION = YES;
				CLANG_WARN_INT_CONVERSION = YES;
				CLANG_WARN_OBJC_ROOT_CLASS = YES_ERROR;
				CLANG_WARN_SUSPICIOUS_MOVE = YES;
				CLANG_WARN_SUSPICIOUS_MOVES = YES;
				CLANG_WARN_UNREACHABLE_CODE = YES;
				CLANG_WARN__DUPLICATE_METHOD_MATCH = YES;
				"CODE_SIGN_IDENTITY[sdk=iphoneos*]" = "iPhone Developer";
				COPY_PHASE_STRIP = NO;
				DEBUG_INFORMATION_FORMAT = dwarf;
				ENABLE_STRICT_OBJC_MSGSEND = YES;
				ENABLE_TESTABILITY = YES;
				GCC_C_LANGUAGE_STANDARD = gnu99;
				GCC_DYNAMIC_NO_PIC = NO;
				GCC_NO_COMMON_BLOCKS = YES;
				GCC_OPTIMIZATION_LEVEL = 0;
				GCC_PREPROCESSOR_DEFINITIONS = (
					"DEBUG=1",
					"$(inherited)",
				);
				GCC_WARN_64_TO_32_BIT_CONVERSION = YES;
				GCC_WARN_ABOUT_RETURN_TYPE = YES_ERROR;
				GCC_WARN_UNDECLARED_SELECTOR = YES;
				GCC_WARN_UNINITIALIZED_AUTOS = YES_AGGRESSIVE;
				GCC_WARN_UNUSED_FUNCTION = YES;
				GCC_WARN_UNUSED_VARIABLE = YES;
				IPHONEOS_DEPLOYMENT_TARGET = 10.0;
				MTL_ENABLE_DEBUG_INFO = YES;
				ONLY_ACTIVE_ARCH = YES;
				SDKROOT = iphoneos;
				SWIFT_ACTIVE_COMPILATION_CONDITIONS = DEBUG;
				SWIFT_OPTIMIZATION_LEVEL = "-Onone";
				TARGETED_DEVICE_FAMILY = "1,2";
			};
			name = Development;
		};
		8DD0DA461DFB36D3000CB745 /* Development */ = {
			isa = XCBuildConfiguration;
			baseConfigurationReference = A10438662ADFB9A7338445F0 /* Pods-Glowb.development.xcconfig */;
			buildSettings = {
				ALWAYS_EMBED_SWIFT_STANDARD_LIBRARIES = "$(inherited)";
				ASSETCATALOG_COMPILER_APPICON_NAME = AppIcon;
				CODE_SIGN_ENTITLEMENTS = Glowb/SupportingFiles/Glowb.entitlements;
				CURRENT_PROJECT_VERSION = 10;
				DEVELOPMENT_TEAM = A56D86G827;
				INFOPLIST_FILE = Glowb/SupportingFiles/Info.plist;
				IPHONEOS_DEPLOYMENT_TARGET = 10.0;
				LD_RUNPATH_SEARCH_PATHS = "$(inherited) @executable_path/Frameworks";
				PRODUCT_BUNDLE_IDENTIFIER = com.mikekavouras.Glowb;
				PRODUCT_NAME = "$(TARGET_NAME)";
				PROVISIONING_PROFILE = "c6de2a71-2181-4112-9298-2abeb93494be";
				PROVISIONING_PROFILE_SPECIFIER = "match Development com.mikekavouras.Glowb";
				SWIFT_OBJC_BRIDGING_HEADER = "Glowb/SupportingFiles/Glowb-Bridging-Header.h";
				SWIFT_VERSION = 3.0;
				TARGETED_DEVICE_FAMILY = 1;
				VERSIONING_SYSTEM = "apple-generic";
			};
			name = Development;
		};
		8DD0DA471DFB36D9000CB745 /* Distribution */ = {
			isa = XCBuildConfiguration;
			buildSettings = {
				ALWAYS_SEARCH_USER_PATHS = NO;
				CLANG_ANALYZER_NONNULL = YES;
				CLANG_CXX_LANGUAGE_STANDARD = "gnu++0x";
				CLANG_CXX_LIBRARY = "libc++";
				CLANG_ENABLE_MODULES = YES;
				CLANG_ENABLE_OBJC_ARC = YES;
				CLANG_WARN_BOOL_CONVERSION = YES;
				CLANG_WARN_CONSTANT_CONVERSION = YES;
				CLANG_WARN_DIRECT_OBJC_ISA_USAGE = YES_ERROR;
				CLANG_WARN_DOCUMENTATION_COMMENTS = YES;
				CLANG_WARN_EMPTY_BODY = YES;
				CLANG_WARN_ENUM_CONVERSION = YES;
				CLANG_WARN_INFINITE_RECURSION = YES;
				CLANG_WARN_INT_CONVERSION = YES;
				CLANG_WARN_OBJC_ROOT_CLASS = YES_ERROR;
				CLANG_WARN_SUSPICIOUS_MOVE = YES;
				CLANG_WARN_SUSPICIOUS_MOVES = YES;
				CLANG_WARN_UNREACHABLE_CODE = YES;
				CLANG_WARN__DUPLICATE_METHOD_MATCH = YES;
				"CODE_SIGN_IDENTITY[sdk=iphoneos*]" = "iPhone Developer";
				COPY_PHASE_STRIP = NO;
				DEBUG_INFORMATION_FORMAT = "dwarf-with-dsym";
				ENABLE_NS_ASSERTIONS = NO;
				ENABLE_STRICT_OBJC_MSGSEND = YES;
				GCC_C_LANGUAGE_STANDARD = gnu99;
				GCC_NO_COMMON_BLOCKS = YES;
				GCC_WARN_64_TO_32_BIT_CONVERSION = YES;
				GCC_WARN_ABOUT_RETURN_TYPE = YES_ERROR;
				GCC_WARN_UNDECLARED_SELECTOR = YES;
				GCC_WARN_UNINITIALIZED_AUTOS = YES_AGGRESSIVE;
				GCC_WARN_UNUSED_FUNCTION = YES;
				GCC_WARN_UNUSED_VARIABLE = YES;
				IPHONEOS_DEPLOYMENT_TARGET = 10.0;
				MTL_ENABLE_DEBUG_INFO = NO;
				SDKROOT = iphoneos;
				SWIFT_OPTIMIZATION_LEVEL = "-Owholemodule";
				TARGETED_DEVICE_FAMILY = "1,2";
				VALIDATE_PRODUCT = YES;
			};
			name = Distribution;
		};
		8DD0DA481DFB36D9000CB745 /* Distribution */ = {
			isa = XCBuildConfiguration;
			baseConfigurationReference = 35C3DF68DDB96707364A4512 /* Pods-Glowb.distribution.xcconfig */;
			buildSettings = {
				ALWAYS_EMBED_SWIFT_STANDARD_LIBRARIES = "$(inherited)";
				ASSETCATALOG_COMPILER_APPICON_NAME = AppIcon;
				CODE_SIGN_ENTITLEMENTS = Glowb/SupportingFiles/Glowb.entitlements;
				"CODE_SIGN_IDENTITY[sdk=iphoneos*]" = "iPhone Distribution";
				CURRENT_PROJECT_VERSION = 10;
				DEVELOPMENT_TEAM = A56D86G827;
				INFOPLIST_FILE = Glowb/SupportingFiles/Info.plist;
				IPHONEOS_DEPLOYMENT_TARGET = 10.0;
				LD_RUNPATH_SEARCH_PATHS = "$(inherited) @executable_path/Frameworks";
				PRODUCT_BUNDLE_IDENTIFIER = com.mikekavouras.Glowb;
				PRODUCT_NAME = "$(TARGET_NAME)";
				PROVISIONING_PROFILE = "8754ee0a-22af-45da-81fa-1e02ed832bc0";
				PROVISIONING_PROFILE_SPECIFIER = "match AppStore com.mikekavouras.Glowb";
				SWIFT_OBJC_BRIDGING_HEADER = "Glowb/SupportingFiles/Glowb-Bridging-Header.h";
				SWIFT_VERSION = 3.0;
				TARGETED_DEVICE_FAMILY = 1;
				VERSIONING_SYSTEM = "apple-generic";
			};
			name = Distribution;
		};
/* End XCBuildConfiguration section */

/* Begin XCConfigurationList section */
		8D22209B1DEF3BB80082E315 /* Build configuration list for PBXProject "Glowb" */ = {
			isa = XCConfigurationList;
			buildConfigurations = (
				8DD0DA451DFB36D3000CB745 /* Development */,
				8DD0DA471DFB36D9000CB745 /* Distribution */,
			);
			defaultConfigurationIsVisible = 0;
			defaultConfigurationName = Development;
		};
		8D2220B21DEF3BB80082E315 /* Build configuration list for PBXNativeTarget "Glowb" */ = {
			isa = XCConfigurationList;
			buildConfigurations = (
				8DD0DA461DFB36D3000CB745 /* Development */,
				8DD0DA481DFB36D9000CB745 /* Distribution */,
			);
			defaultConfigurationIsVisible = 0;
			defaultConfigurationName = Development;
		};
/* End XCConfigurationList section */
	};
	rootObject = 8D2220981DEF3BB80082E315 /* Project object */;
}
